// !$*UTF8*$!
{
	archiveVersion = 1;
	classes = {
	};
	objectVersion = 46;
	objects = {

/* Begin PBXBuildFile section */
		1BA17BFC1D5B132900E062AB /* main.m in Sources */ = {isa = PBXBuildFile; fileRef = 1BA17BFB1D5B132900E062AB /* main.m */; };
		1BA17BFF1D5B132900E062AB /* AppDelegate.m in Sources */ = {isa = PBXBuildFile; fileRef = 1BA17BFE1D5B132900E062AB /* AppDelegate.m */; };
		1BA17C021D5B132900E062AB /* ViewController.m in Sources */ = {isa = PBXBuildFile; fileRef = 1BA17C011D5B132900E062AB /* ViewController.m */; };
		1BA17C051D5B132900E062AB /* Main.storyboard in Resources */ = {isa = PBXBuildFile; fileRef = 1BA17C031D5B132900E062AB /* Main.storyboard */; };
		1BA17C071D5B132900E062AB /* Assets.xcassets in Resources */ = {isa = PBXBuildFile; fileRef = 1BA17C061D5B132900E062AB /* Assets.xcassets */; };
		1BA17C0A1D5B132900E062AB /* LaunchScreen.storyboard in Resources */ = {isa = PBXBuildFile; fileRef = 1BA17C081D5B132900E062AB /* LaunchScreen.storyboard */; };
		1BA17C161D5B21A200E062AB /* CityListVC.m in Sources */ = {isa = PBXBuildFile; fileRef = 1BA17C151D5B21A200E062AB /* CityListVC.m */; };
		1BA17C1A1D5B278A00E062AB /* SViewController.m in Sources */ = {isa = PBXBuildFile; fileRef = 1BA17C181D5B278A00E062AB /* SViewController.m */; };
		1BA17C1B1D5B278A00E062AB /* SViewController.xib in Resources */ = {isa = PBXBuildFile; fileRef = 1BA17C191D5B278A00E062AB /* SViewController.xib */; };
		1BA17C211D5C179E00E062AB /* UITableView+LCL.m in Sources */ = {isa = PBXBuildFile; fileRef = 1BA17C201D5C179E00E062AB /* UITableView+LCL.m */; };
/* End PBXBuildFile section */

/* Begin PBXFileReference section */
		1BA17BF71D5B132900E062AB /* tableview.app */ = {isa = PBXFileReference; explicitFileType = wrapper.application; includeInIndex = 0; path = tableview.app; sourceTree = BUILT_PRODUCTS_DIR; };
		1BA17BFB1D5B132900E062AB /* main.m */ = {isa = PBXFileReference; lastKnownFileType = sourcecode.c.objc; path = main.m; sourceTree = "<group>"; };
		1BA17BFD1D5B132900E062AB /* AppDelegate.h */ = {isa = PBXFileReference; lastKnownFileType = sourcecode.c.h; path = AppDelegate.h; sourceTree = "<group>"; };
		1BA17BFE1D5B132900E062AB /* AppDelegate.m */ = {isa = PBXFileReference; lastKnownFileType = sourcecode.c.objc; path = AppDelegate.m; sourceTree = "<group>"; };
		1BA17C001D5B132900E062AB /* ViewController.h */ = {isa = PBXFileReference; lastKnownFileType = sourcecode.c.h; path = ViewController.h; sourceTree = "<group>"; };
		1BA17C011D5B132900E062AB /* ViewController.m */ = {isa = PBXFileReference; lastKnownFileType = sourcecode.c.objc; path = ViewController.m; sourceTree = "<group>"; };
		1BA17C041D5B132900E062AB /* Base */ = {isa = PBXFileReference; lastKnownFileType = file.storyboard; name = Base; path = Base.lproj/Main.storyboard; sourceTree = "<group>"; };
		1BA17C061D5B132900E062AB /* Assets.xcassets */ = {isa = PBXFileReference; lastKnownFileType = folder.assetcatalog; path = Assets.xcassets; sourceTree = "<group>"; };
		1BA17C091D5B132900E062AB /* Base */ = {isa = PBXFileReference; lastKnownFileType = file.storyboard; name = Base; path = Base.lproj/LaunchScreen.storyboard; sourceTree = "<group>"; };
		1BA17C0B1D5B132900E062AB /* Info.plist */ = {isa = PBXFileReference; lastKnownFileType = text.plist.xml; path = Info.plist; sourceTree = "<group>"; };
		1BA17C141D5B21A200E062AB /* CityListVC.h */ = {isa = PBXFileReference; fileEncoding = 4; lastKnownFileType = sourcecode.c.h; path = CityListVC.h; sourceTree = "<group>"; };
		1BA17C151D5B21A200E062AB /* CityListVC.m */ = {isa = PBXFileReference; fileEncoding = 4; lastKnownFileType = sourcecode.c.objc; path = CityListVC.m; sourceTree = "<group>"; };
		1BA17C171D5B278A00E062AB /* SViewController.h */ = {isa = PBXFileReference; fileEncoding = 4; lastKnownFileType = sourcecode.c.h; path = SViewController.h; sourceTree = "<group>"; };
		1BA17C181D5B278A00E062AB /* SViewController.m */ = {isa = PBXFileReference; fileEncoding = 4; lastKnownFileType = sourcecode.c.objc; path = SViewController.m; sourceTree = "<group>"; };
		1BA17C191D5B278A00E062AB /* SViewController.xib */ = {isa = PBXFileReference; fileEncoding = 4; lastKnownFileType = file.xib; path = SViewController.xib; sourceTree = "<group>"; };
		1BA17C1F1D5C179E00E062AB /* UITableView+LCL.h */ = {isa = PBXFileReference; fileEncoding = 4; lastKnownFileType = sourcecode.c.h; path = "UITableView+LCL.h"; sourceTree = "<group>"; };
		1BA17C201D5C179E00E062AB /* UITableView+LCL.m */ = {isa = PBXFileReference; fileEncoding = 4; lastKnownFileType = sourcecode.c.objc; path = "UITableView+LCL.m"; sourceTree = "<group>"; };
/* End PBXFileReference section */

/* Begin PBXFrameworksBuildPhase section */
		1BA17BF41D5B132900E062AB /* Frameworks */ = {
			isa = PBXFrameworksBuildPhase;
			buildActionMask = 2147483647;
			files = (
			);
			runOnlyForDeploymentPostprocessing = 0;
		};
/* End PBXFrameworksBuildPhase section */

/* Begin PBXGroup section */
		1BA17BEE1D5B132900E062AB = {
			isa = PBXGroup;
			children = (
				1BA17BF91D5B132900E062AB /* tableview */,
				1BA17BF81D5B132900E062AB /* Products */,
			);
			sourceTree = "<group>";
		};
		1BA17BF81D5B132900E062AB /* Products */ = {
			isa = PBXGroup;
			children = (
				1BA17BF71D5B132900E062AB /* tableview.app */,
			);
			name = Products;
			sourceTree = "<group>";
		};
		1BA17BF91D5B132900E062AB /* tableview */ = {
			isa = PBXGroup;
			children = (
				1BA17C141D5B21A200E062AB /* CityListVC.h */,
				1BA17C151D5B21A200E062AB /* CityListVC.m */,
				1BA17BFD1D5B132900E062AB /* AppDelegate.h */,
				1BA17BFE1D5B132900E062AB /* AppDelegate.m */,
				1BA17C001D5B132900E062AB /* ViewController.h */,
				1BA17C011D5B132900E062AB /* ViewController.m */,
				1BA17C1F1D5C179E00E062AB /* UITableView+LCL.h */,
				1BA17C201D5C179E00E062AB /* UITableView+LCL.m */,
				1BA17C171D5B278A00E062AB /* SViewController.h */,
				1BA17C181D5B278A00E062AB /* SViewController.m */,
				1BA17C191D5B278A00E062AB /* SViewController.xib */,
				1BA17C031D5B132900E062AB /* Main.storyboard */,
				1BA17C061D5B132900E062AB /* Assets.xcassets */,
				1BA17C081D5B132900E062AB /* LaunchScreen.storyboard */,
				1BA17C0B1D5B132900E062AB /* Info.plist */,
				1BA17BFA1D5B132900E062AB /* Supporting Files */,
			);
			path = tableview;
			sourceTree = "<group>";
		};
		1BA17BFA1D5B132900E062AB /* Supporting Files */ = {
			isa = PBXGroup;
			children = (
				1BA17BFB1D5B132900E062AB /* main.m */,
			);
			name = "Supporting Files";
			sourceTree = "<group>";
		};
/* End PBXGroup section */

/* Begin PBXNativeTarget section */
		1BA17BF61D5B132900E062AB /* tableview */ = {
			isa = PBXNativeTarget;
			buildConfigurationList = 1BA17C0E1D5B132900E062AB /* Build configuration list for PBXNativeTarget "tableview" */;
			buildPhases = (
				1BA17BF31D5B132900E062AB /* Sources */,
				1BA17BF41D5B132900E062AB /* Frameworks */,
				1BA17BF51D5B132900E062AB /* Resources */,
			);
			buildRules = (
			);
			dependencies = (
			);
			name = tableview;
			productName = tableview;
			productReference = 1BA17BF71D5B132900E062AB /* tableview.app */;
			productType = "com.apple.product-type.application";
		};
/* End PBXNativeTarget section */

/* Begin PBXProject section */
		1BA17BEF1D5B132900E062AB /* Project object */ = {
			isa = PBXProject;
			attributes = {
				LastUpgradeCheck = 0730;
				ORGANIZATIONNAME = bloodspasm;
				TargetAttributes = {
					1BA17BF61D5B132900E062AB = {
						CreatedOnToolsVersion = 7.3.1;
					};
				};
			};
			buildConfigurationList = 1BA17BF21D5B132900E062AB /* Build configuration list for PBXProject "tableview" */;
			compatibilityVersion = "Xcode 3.2";
			developmentRegion = English;
			hasScannedForEncodings = 0;
			knownRegions = (
				en,
				Base,
			);
			mainGroup = 1BA17BEE1D5B132900E062AB;
			productRefGroup = 1BA17BF81D5B132900E062AB /* Products */;
			projectDirPath = "";
			projectRoot = "";
			targets = (
				1BA17BF61D5B132900E062AB /* tableview */,
			);
		};
/* End PBXProject section */

/* Begin PBXResourcesBuildPhase section */
		1BA17BF51D5B132900E062AB /* Resources */ = {
			isa = PBXResourcesBuildPhase;
			buildActionMask = 2147483647;
			files = (
				1BA17C0A1D5B132900E062AB /* LaunchScreen.storyboard in Resources */,
				1BA17C071D5B132900E062AB /* Assets.xcassets in Resources */,
				1BA17C1B1D5B278A00E062AB /* SViewController.xib in Resources */,
				1BA17C051D5B132900E062AB /* Main.storyboard in Resources */,
			);
			runOnlyForDeploymentPostprocessing = 0;
		};
/* End PBXResourcesBuildPhase section */

/* Begin PBXSourcesBuildPhase section */
		1BA17BF31D5B132900E062AB /* Sources */ = {
			isa = PBXSourcesBuildPhase;
			buildActionMask = 2147483647;
			files = (
				1BA17C021D5B132900E062AB /* ViewController.m in Sources */,
				1BA17C161D5B21A200E062AB /* CityListVC.m in Sources */,
				1BA17BFF1D5B132900E062AB /* AppDelegate.m in Sources */,
				1BA17C1A1D5B278A00E062AB /* SViewController.m in Sources */,
				1BA17BFC1D5B132900E062AB /* main.m in Sources */,
				1BA17C211D5C179E00E062AB /* UITableView+LCL.m in Sources */,
			);
			runOnlyForDeploymentPostprocessing = 0;
		};
/* End PBXSourcesBuildPhase section */

/* Begin PBXVariantGroup section */
		1BA17C031D5B132900E062AB /* Main.storyboard */ = {
			isa = PBXVariantGroup;
			children = (
				1BA17C041D5B132900E062AB /* Base */,
			);
			name = Main.storyboard;
			sourceTree = "<group>";
		};
		1BA17C081D5B132900E062AB /* LaunchScreen.storyboard */ = {
			isa = PBXVariantGroup;
			children = (
				1BA17C091D5B132900E062AB /* Base */,
			);
			name = LaunchScreen.storyboard;
			sourceTree = "<group>";
		};
/* End PBXVariantGroup section */

/* Begin XCBuildConfiguration section */
		1BA17C0C1D5B132900E062AB /* Debug */ = {
			isa = XCBuildConfiguration;
			buildSettings = {
				ALWAYS_SEARCH_USER_PATHS = NO;
				CLANG_ANALYZER_NONNULL = YES;
				CLANG_CXX_LANGUAGE_STANDARD = "gnu++0x";
				CLANG_CXX_LIBRARY = "libc++";
				CLANG_ENABLE_MODULES = YES;
				CLANG_ENABLE_OBJC_ARC = YES;
				CLANG_WARN_BOOL_CONVERSION = YES;
				CLANG_WARN_CONSTANT_CONVERSION = YES;
				CLANG_WARN_DIRECT_OBJC_ISA_USAGE = YES_ERROR;
				CLANG_WARN_EMPTY_BODY = YES;
				CLANG_WARN_ENUM_CONVERSION = YES;
				CLANG_WARN_INT_CONVERSION = YES;
				CLANG_WARN_OBJC_ROOT_CLASS = YES_ERROR;
				CLANG_WARN_UNREACHABLE_CODE = YES;
				CLANG_WARN__DUPLICATE_METHOD_MATCH = YES;
				"CODE_SIGN_IDENTITY[sdk=iphoneos*]" = "iPhone Developer";
				COPY_PHASE_STRIP = NO;
				DEBUG_INFORMATION_FORMAT = dwarf;
				ENABLE_STRICT_OBJC_MSGSEND = YES;
				ENABLE_TESTABILITY = YES;
				GCC_C_LANGUAGE_STANDARD = gnu99;
				GCC_DYNAMIC_NO_PIC = NO;
				GCC_NO_COMMON_BLOCKS = YES;
				GCC_OPTIMIZATION_LEVEL = 0;
				GCC_PREPROCESSOR_DEFINITIONS = (
					"DEBUG=1",
					"$(inherited)",
				);
				GCC_WARN_64_TO_32_BIT_CONVERSION = YES;
				GCC_WARN_ABOUT_RETURN_TYPE = YES_ERROR;
				GCC_WARN_UNDECLARED_SELECTOR = YES;
				GCC_WARN_UNINITIALIZED_AUTOS = YES_AGGRESSIVE;
				GCC_WARN_UNUSED_FUNCTION = YES;
				GCC_WARN_UNUSED_VARIABLE = YES;
				IPHONEOS_DEPLOYMENT_TARGET = 9.3;
				MTL_ENABLE_DEBUG_INFO = YES;
				ONLY_ACTIVE_ARCH = YES;
				SDKROOT = iphoneos;
				TARGETED_DEVICE_FAMILY = "1,2";
			};
			name = Debug;
		};
		1BA17C0D1D5B132900E062AB /* Release */ = {
			isa = XCBuildConfiguration;
			buildSettings = {
				ALWAYS_SEARCH_USER_PATHS = NO;
				CLANG_ANALYZER_NONNULL = YES;
				CLANG_CXX_LANGUAGE_STANDARD = "gnu++0x";
				CLANG_CXX_LIBRARY = "libc++";
				CLANG_ENABLE_MODULES = YES;
				CLANG_ENABLE_OBJC_ARC = YES;
				CLANG_WARN_BOOL_CONVERSION = YES;
				CLANG_WARN_CONSTANT_CONVERSION = YES;
				CLANG_WARN_DIRECT_OBJC_ISA_USAGE = YES_ERROR;
				CLANG_WARN_EMPTY_BODY = YES;
				CLANG_WARN_ENUM_CONVERSION = YES;
				CLANG_WARN_INT_CONVERSION = YES;
				CLANG_WARN_OBJC_ROOT_CLASS = YES_ERROR;
				CLANG_WARN_UNREACHABLE_CODE = YES;
				CLANG_WARN__DUPLICATE_METHOD_MATCH = YES;
				"CODE_SIGN_IDENTITY[sdk=iphoneos*]" = "iPhone Developer";
				COPY_PHASE_STRIP = NO;
				DEBUG_INFORMATION_FORMAT = "dwarf-with-dsym";
				ENABLE_NS_ASSERTIONS = NO;
				ENABLE_STRICT_OBJC_MSGSEND = YES;
				GCC_C_LANGUAGE_STANDARD = gnu99;
				GCC_NO_COMMON_BLOCKS = YES;
				GCC_WARN_64_TO_32_BIT_CONVERSION = YES;
				GCC_WARN_ABOUT_RETURN_TYPE = YES_ERROR;
				GCC_WARN_UNDECLARED_SELECTOR = YES;
				GCC_WARN_UNINITIALIZED_AUTOS = YES_AGGRESSIVE;
				GCC_WARN_UNUSED_FUNCTION = YES;
				GCC_WARN_UNUSED_VARIABLE = YES;
				IPHONEOS_DEPLOYMENT_TARGET = 9.3;
				MTL_ENABLE_DEBUG_INFO = NO;
				SDKROOT = iphoneos;
				TARGETED_DEVICE_FAMILY = "1,2";
				VALIDATE_PRODUCT = YES;
			};
			name = Release;
		};
		1BA17C0F1D5B132900E062AB /* Debug */ = {
			isa = XCBuildConfiguration;
			buildSettings = {
				ASSETCATALOG_COMPILER_APPICON_NAME = AppIcon;
				INFOPLIST_FILE = tableview/Info.plist;
				LD_RUNPATH_SEARCH_PATHS = "$(inherited) @executable_path/Frameworks";
				PRODUCT_BUNDLE_IDENTIFIER = com.bloodspasm.tableview;
				PRODUCT_NAME = "$(TARGET_NAME)";
			};
			name = Debug;
		};
		1BA17C101D5B132900E062AB /* Release */ = {
			isa = XCBuildConfiguration;
			buildSettings = {
				ASSETCATALOG_COMPILER_APPICON_NAME = AppIcon;
				INFOPLIST_FILE = tableview/Info.plist;
				LD_RUNPATH_SEARCH_PATHS = "$(inherited) @executable_path/Frameworks";
				PRODUCT_BUNDLE_IDENTIFIER = com.bloodspasm.tableview;
				PRODUCT_NAME = "$(TARGET_NAME)";
			};
			name = Release;
		};
/* End XCBuildConfiguration section */

/* Begin XCConfigurationList section */
		1BA17BF21D5B132900E062AB /* Build configuration list for PBXProject "tableview" */ = {
			isa = XCConfigurationList;
			buildConfigurations = (
				1BA17C0C1D5B132900E062AB /* Debug */,
				1BA17C0D1D5B132900E062AB /* Release */,
			);
			defaultConfigurationIsVisible = 0;
			defaultConfigurationName = Release;
		};
		1BA17C0E1D5B132900E062AB /* Build configuration list for PBXNativeTarget "tableview" */ = {
			isa = XCConfigurationList;
			buildConfigurations = (
				1BA17C0F1D5B132900E062AB /* Debug */,
				1BA17C101D5B132900E062AB /* Release */,
			);
			defaultConfigurationIsVisible = 0;
			defaultConfigurationName = Release;
		};
/* End XCConfigurationList section */
	};
	rootObject = 1BA17BEF1D5B132900E062AB /* Project object */;
}
